
Microsoft Visual Studio Solution File, Format Version 12.00
# Visual Studio Version 16
VisualStudioVersion = 16.0.31019.35
MinimumVisualStudioVersion = 10.0.40219.1
Project("{FAE04EC0-301F-11D3-BF4B-00C04F79EFBC}") = "ZiiPOS Retail UpgradeTool", "ZiiPOS Retail UpgradeTool\ZiiPOS Retail UpgradeTool.csproj", "{51357E17-A59D-46A2-99CC-A0F88B0858C8}"
EndProject
Global
	GlobalSection(SolutionConfigurationPlatforms) = preSolution
		Debug|Any CPU = Debug|Any CPU
		Release|Any CPU = Release|Any CPU
	EndGlobalSection
	GlobalSection(ProjectConfigurationPlatforms) = postSolution
		{51357E17-A59D-46A2-99CC-A0F88B0858C8}.Debug|Any CPU.ActiveCfg = Debug|Any CPU
		{51357E17-A59D-46A2-99CC-A0F88B0858C8}.Debug|Any CPU.Build.0 = Debug|Any CPU
		{51357E17-A59D-46A2-99CC-A0F88B0858C8}.Release|Any CPU.ActiveCfg = Release|Any CPU
		{51357E17-A59D-46A2-99CC-A0F88B0858C8}.Release|Any CPU.Build.0 = Release|Any CPU
	EndGlobalSection
	GlobalSection(SolutionProperties) = preSolution
		HideSolutionNode = FALSE
	EndGlobalSection
	GlobalSection(ExtensibilityGlobals) = postSolution
		SolutionGuid = {15C90DC8-3F33-43FF-84DA-40E7736FA661}
	EndGlobalSection
EndGlobal
